
Microsoft Visual Studio Solution File, Format Version 12.00
# Visual Studio Version 17
VisualStudioVersion = 17.9.34728.123
MinimumVisualStudioVersion = 10.0.40219.1
Project("{9A19103F-16F7-4668-BE54-9A1E7A4F7556}") = "API_Two", "API_Two\API_Two.csproj", "{77F2DA7C-9488-4730-AC8F-AA0EB38E1783}"
EndProject
Project("{FAE04EC0-301F-11D3-BF4B-00C04F79EFBC}") = "TestUnit_API_Two", "TestUnit_API_Two\TestUnit_API_Two.csproj", "{5D7274BD-1BA6-420B-ADEC-510CF88AE2F1}"
EndProject
Global
	GlobalSection(SolutionConfigurationPlatforms) = preSolution
		Debug|Any CPU = Debug|Any CPU
		Release|Any CPU = Release|Any CPU
	EndGlobalSection
	GlobalSection(ProjectConfigurationPlatforms) = postSolution
		{77F2DA7C-9488-4730-AC8F-AA0EB38E1783}.Debug|Any CPU.ActiveCfg = Debug|Any CPU
		{77F2DA7C-9488-4730-AC8F-AA0EB38E1783}.Debug|Any CPU.Build.0 = Debug|Any CPU
		{77F2DA7C-9488-4730-AC8F-AA0EB38E1783}.Release|Any CPU.ActiveCfg = Release|Any CPU
		{77F2DA7C-9488-4730-AC8F-AA0EB38E1783}.Release|Any CPU.Build.0 = Release|Any CPU
		{5D7274BD-1BA6-420B-ADEC-510CF88AE2F1}.Debug|Any CPU.ActiveCfg = Debug|Any CPU
		{5D7274BD-1BA6-420B-ADEC-510CF88AE2F1}.Debug|Any CPU.Build.0 = Debug|Any CPU
		{5D7274BD-1BA6-420B-ADEC-510CF88AE2F1}.Release|Any CPU.ActiveCfg = Release|Any CPU
		{5D7274BD-1BA6-420B-ADEC-510CF88AE2F1}.Release|Any CPU.Build.0 = Release|Any CPU
	EndGlobalSection
	GlobalSection(SolutionProperties) = preSolution
		HideSolutionNode = FALSE
	EndGlobalSection
	GlobalSection(ExtensibilityGlobals) = postSolution
		SolutionGuid = {ED5F1B44-2A66-4B55-BA57-91D54DFAEA79}
	EndGlobalSection
EndGlobal
