
Microsoft Visual Studio Solution File, Format Version 12.00
# Visual Studio Version 17
VisualStudioVersion = 17.9.34728.123
MinimumVisualStudioVersion = 10.0.40219.1
Project("{9A19103F-16F7-4668-BE54-9A1E7A4F7556}") = "MyGenerator", "Console\MyGenerator.csproj", "{2A43131C-FE0A-4992-8E8E-E47376A37E70}"
EndProject
Project("{FAE04EC0-301F-11D3-BF4B-00C04F79EFBC}") = "ConsoleTest", "ConsoleTest\ConsoleTest.csproj", "{A788EFDF-F270-4221-A920-BC2789C96098}"
EndProject
Global
	GlobalSection(SolutionConfigurationPlatforms) = preSolution
		Debug|Any CPU = Debug|Any CPU
		Release|Any CPU = Release|Any CPU
	EndGlobalSection
	GlobalSection(ProjectConfigurationPlatforms) = postSolution
		{2A43131C-FE0A-4992-8E8E-E47376A37E70}.Debug|Any CPU.ActiveCfg = Debug|Any CPU
		{2A43131C-FE0A-4992-8E8E-E47376A37E70}.Debug|Any CPU.Build.0 = Debug|Any CPU
		{2A43131C-FE0A-4992-8E8E-E47376A37E70}.Release|Any CPU.ActiveCfg = Release|Any CPU
		{2A43131C-FE0A-4992-8E8E-E47376A37E70}.Release|Any CPU.Build.0 = Release|Any CPU
		{A788EFDF-F270-4221-A920-BC2789C96098}.Debug|Any CPU.ActiveCfg = Debug|Any CPU
		{A788EFDF-F270-4221-A920-BC2789C96098}.Debug|Any CPU.Build.0 = Debug|Any CPU
		{A788EFDF-F270-4221-A920-BC2789C96098}.Release|Any CPU.ActiveCfg = Release|Any CPU
		{A788EFDF-F270-4221-A920-BC2789C96098}.Release|Any CPU.Build.0 = Release|Any CPU
	EndGlobalSection
	GlobalSection(SolutionProperties) = preSolution
		HideSolutionNode = FALSE
	EndGlobalSection
	GlobalSection(ExtensibilityGlobals) = postSolution
		SolutionGuid = {BE7EF6C6-E8FC-4624-9498-260A58521C62}
	EndGlobalSection
EndGlobal
